
Microsoft Visual Studio Solution File, Format Version 12.00
# Visual Studio 14
VisualStudioVersion = 14.0.25420.1
MinimumVisualStudioVersion = 10.0.40219.1
Project("{8BC9CEB8-8B4A-11D0-8D11-00A0C91BC942}") = "1", "1\1.vcxproj", "{9236A476-1035-49BB-BCD0-C7F9CC41882E}"
EndProject
Project("{8BC9CEB8-8B4A-11D0-8D11-00A0C91BC942}") = "2", "2\2.vcxproj", "{936286B5-C183-46E1-9F73-8849223EF54C}"
EndProject
Project("{8BC9CEB8-8B4A-11D0-8D11-00A0C91BC942}") = "3", "3\3.vcxproj", "{3ED4ADCD-C449-4A69-956C-CDF5F685AAAC}"
EndProject
Project("{8BC9CEB8-8B4A-11D0-8D11-00A0C91BC942}") = "4", "4\4.vcxproj", "{B4E667E3-40ED-403E-9082-BD79346B2472}"
EndProject
Project("{8BC9CEB8-8B4A-11D0-8D11-00A0C91BC942}") = "5", "5\5.vcxproj", "{3FCD791A-8EC1-432F-AD43-24F4173B0E15}"
EndProject
Project("{8BC9CEB8-8B4A-11D0-8D11-00A0C91BC942}") = "6", "6\6.vcxproj", "{52D2C2EB-9B2A-46AB-A8B3-BABA13400317}"
EndProject
Project("{8BC9CEB8-8B4A-11D0-8D11-00A0C91BC942}") = "x", "x\x.vcxproj", "{A31342D1-0764-4457-B220-484371E2EB33}"
EndProject
Global
	GlobalSection(SolutionConfigurationPlatforms) = preSolution
		Debug|x64 = Debug|x64
		Debug|x86 = Debug|x86
		Release|x64 = Release|x64
		Release|x86 = Release|x86
	EndGlobalSection
	GlobalSection(ProjectConfigurationPlatforms) = postSolution
		{9236A476-1035-49BB-BCD0-C7F9CC41882E}.Debug|x64.ActiveCfg = Debug|x64
		{9236A476-1035-49BB-BCD0-C7F9CC41882E}.Debug|x64.Build.0 = Debug|x64
		{9236A476-1035-49BB-BCD0-C7F9CC41882E}.Debug|x86.ActiveCfg = Debug|Win32
		{9236A476-1035-49BB-BCD0-C7F9CC41882E}.Debug|x86.Build.0 = Debug|Win32
		{9236A476-1035-49BB-BCD0-C7F9CC41882E}.Release|x64.ActiveCfg = Release|x64
		{9236A476-1035-49BB-BCD0-C7F9CC41882E}.Release|x64.Build.0 = Release|x64
		{9236A476-1035-49BB-BCD0-C7F9CC41882E}.Release|x86.ActiveCfg = Release|Win32
		{9236A476-1035-49BB-BCD0-C7F9CC41882E}.Release|x86.Build.0 = Release|Win32
		{936286B5-C183-46E1-9F73-8849223EF54C}.Debug|x64.ActiveCfg = Debug|x64
		{936286B5-C183-46E1-9F73-8849223EF54C}.Debug|x64.Build.0 = Debug|x64
		{936286B5-C183-46E1-9F73-8849223EF54C}.Debug|x86.ActiveCfg = Debug|Win32
		{936286B5-C183-46E1-9F73-8849223EF54C}.Debug|x86.Build.0 = Debug|Win32
		{936286B5-C183-46E1-9F73-8849223EF54C}.Release|x64.ActiveCfg = Release|x64
		{936286B5-C183-46E1-9F73-8849223EF54C}.Release|x64.Build.0 = Release|x64
		{936286B5-C183-46E1-9F73-8849223EF54C}.Release|x86.ActiveCfg = Release|Win32
		{936286B5-C183-46E1-9F73-8849223EF54C}.Release|x86.Build.0 = Release|Win32
		{3ED4ADCD-C449-4A69-956C-CDF5F685AAAC}.Debug|x64.ActiveCfg = Debug|x64
		{3ED4ADCD-C449-4A69-956C-CDF5F685AAAC}.Debug|x64.Build.0 = Debug|x64
		{3ED4ADCD-C449-4A69-956C-CDF5F685AAAC}.Debug|x86.ActiveCfg = Debug|Win32
		{3ED4ADCD-C449-4A69-956C-CDF5F685AAAC}.Debug|x86.Build.0 = Debug|Win32
		{3ED4ADCD-C449-4A69-956C-CDF5F685AAAC}.Release|x64.ActiveCfg = Release|x64
		{3ED4ADCD-C449-4A69-956C-CDF5F685AAAC}.Release|x64.Build.0 = Release|x64
		{3ED4ADCD-C449-4A69-956C-CDF5F685AAAC}.Release|x86.ActiveCfg = Release|Win32
		{3ED4ADCD-C449-4A69-956C-CDF5F685AAAC}.Release|x86.Build.0 = Release|Win32
		{B4E667E3-40ED-403E-9082-BD79346B2472}.Debug|x64.ActiveCfg = Debug|x64
		{B4E667E3-40ED-403E-9082-BD79346B2472}.Debug|x64.Build.0 = Debug|x64
		{B4E667E3-40ED-403E-9082-BD79346B2472}.Debug|x86.ActiveCfg = Debug|Win32
		{B4E667E3-40ED-403E-9082-BD79346B2472}.Debug|x86.Build.0 = Debug|Win32
		{B4E667E3-40ED-403E-9082-BD79346B2472}.Release|x64.ActiveCfg = Release|x64
		{B4E667E3-40ED-403E-9082-BD79346B2472}.Release|x64.Build.0 = Release|x64
		{B4E667E3-40ED-403E-9082-BD79346B2472}.Release|x86.ActiveCfg = Release|Win32
		{B4E667E3-40ED-403E-9082-BD79346B2472}.Release|x86.Build.0 = Release|Win32
		{3FCD791A-8EC1-432F-AD43-24F4173B0E15}.Debug|x64.ActiveCfg = Debug|x64
		{3FCD791A-8EC1-432F-AD43-24F4173B0E15}.Debug|x64.Build.0 = Debug|x64
		{3FCD791A-8EC1-432F-AD43-24F4173B0E15}.Debug|x86.ActiveCfg = Debug|Win32
		{3FCD791A-8EC1-432F-AD43-24F4173B0E15}.Debug|x86.Build.0 = Debug|Win32
		{3FCD791A-8EC1-432F-AD43-24F4173B0E15}.Release|x64.ActiveCfg = Release|x64
		{3FCD791A-8EC1-432F-AD43-24F4173B0E15}.Release|x64.Build.0 = Release|x64
		{3FCD791A-8EC1-432F-AD43-24F4173B0E15}.Release|x86.ActiveCfg = Release|Win32
		{3FCD791A-8EC1-432F-AD43-24F4173B0E15}.Release|x86.Build.0 = Release|Win32
		{52D2C2EB-9B2A-46AB-A8B3-BABA13400317}.Debug|x64.ActiveCfg = Debug|x64
		{52D2C2EB-9B2A-46AB-A8B3-BABA13400317}.Debug|x64.Build.0 = Debug|x64
		{52D2C2EB-9B2A-46AB-A8B3-BABA13400317}.Debug|x86.ActiveCfg = Debug|Win32
		{52D2C2EB-9B2A-46AB-A8B3-BABA13400317}.Debug|x86.Build.0 = Debug|Win32
		{52D2C2EB-9B2A-46AB-A8B3-BABA13400317}.Release|x64.ActiveCfg = Release|x64
		{52D2C2EB-9B2A-46AB-A8B3-BABA13400317}.Release|x64.Build.0 = Release|x64
		{52D2C2EB-9B2A-46AB-A8B3-BABA13400317}.Release|x86.ActiveCfg = Release|Win32
		{52D2C2EB-9B2A-46AB-A8B3-BABA13400317}.Release|x86.Build.0 = Release|Win32
		{A31342D1-0764-4457-B220-484371E2EB33}.Debug|x64.ActiveCfg = Debug|x64
		{A31342D1-0764-4457-B220-484371E2EB33}.Debug|x64.Build.0 = Debug|x64
		{A31342D1-0764-4457-B220-484371E2EB33}.Debug|x86.ActiveCfg = Debug|Win32
		{A31342D1-0764-4457-B220-484371E2EB33}.Debug|x86.Build.0 = Debug|Win32
		{A31342D1-0764-4457-B220-484371E2EB33}.Release|x64.ActiveCfg = Release|x64
		{A31342D1-0764-4457-B220-484371E2EB33}.Release|x64.Build.0 = Release|x64
		{A31342D1-0764-4457-B220-484371E2EB33}.Release|x86.ActiveCfg = Release|Win32
		{A31342D1-0764-4457-B220-484371E2EB33}.Release|x86.Build.0 = Release|Win32
	EndGlobalSection
	GlobalSection(SolutionProperties) = preSolution
		HideSolutionNode = FALSE
	EndGlobalSection
EndGlobal
